{
  "name": "naaptol",
  "lockfileVersion": 3,
  "requires": true,
  "packages": {
    "": {
      "dependencies": {
        "bootstrap": "^5.3.2",
        "react-fast-marquee": "^1.6.2"
      }
    },
    "node_modules/bootstrap": {
      "version": "5.3.2",
      "resolved": "https://registry.npmjs.org/bootstrap/-/bootstrap-5.3.2.tgz",
      "integrity": "sha512-D32nmNWiQHo94BKHLmOrdjlL05q1c8oxbtBphQFb9Z5to6eGRDCm0QgeaZ4zFBHzfg2++rqa2JkqCcxDy0sH0g==",
      "funding": [
        {
          "type": "github",
          "url": "https://github.com/sponsors/twbs"
        },
        {
          "type": "opencollective",
          "url": "https://opencollective.com/bootstrap"
        }
      ],
      "peerDependencies": {
        "@popperjs/core": "^2.11.8"
      }
    },
    "node_modules/react-fast-marquee": {
      "version": "1.6.2",
      "resolved": "https://registry.npmjs.org/react-fast-marquee/-/react-fast-marquee-1.6.2.tgz",
      "integrity": "sha512-bXUuW1r+Yzd8ZjsPmMDy8WJMubHAZd/7n0W/IzUQHtd0iBfxWohP6hzCFnEHWMCOtC9wxSAq/BiEnig4kdI2Vw==",
      "peerDependencies": {
        "react": ">= 16.8.0 || 18.0.0",
        "react-dom": ">= 16.8.0 || 18.0.0"
      }
    }
  }
}
